// !$*UTF8*$!
{
	archiveVersion = 1;
	classes = {
	};
	objectVersion = 50;
	objects = {

/* Begin PBXBuildFile section */
		EF23DADB2224371B00CC76CB /* AppDelegate.swift in Sources */ = {isa = PBXBuildFile; fileRef = EF23DADA2224371B00CC76CB /* AppDelegate.swift */; };
		EF23DADD2224371B00CC76CB /* ViewController.swift in Sources */ = {isa = PBXBuildFile; fileRef = EF23DADC2224371B00CC76CB /* ViewController.swift */; };
		EF23DAE02224371B00CC76CB /* Main.storyboard in Resources */ = {isa = PBXBuildFile; fileRef = EF23DADE2224371B00CC76CB /* Main.storyboard */; };
		EF23DAE22224372500CC76CB /* Assets.xcassets in Resources */ = {isa = PBXBuildFile; fileRef = EF23DAE12224372500CC76CB /* Assets.xcassets */; };
		EF23DAE52224372500CC76CB /* LaunchScreen.storyboard in Resources */ = {isa = PBXBuildFile; fileRef = EF23DAE32224372500CC76CB /* LaunchScreen.storyboard */; };
		EF23DAED2224421C00CC76CB /* Calculatorbrain.swift in Sources */ = {isa = PBXBuildFile; fileRef = EF23DAEC2224421C00CC76CB /* Calculatorbrain.swift */; };
/* End PBXBuildFile section */

/* Begin PBXFileReference section */
		EF23DAD72224371B00CC76CB /* CalculatorBrain.app */ = {isa = PBXFileReference; explicitFileType = wrapper.application; includeInIndex = 0; path = CalculatorBrain.app; sourceTree = BUILT_PRODUCTS_DIR; };
		EF23DADA2224371B00CC76CB /* AppDelegate.swift */ = {isa = PBXFileReference; lastKnownFileType = sourcecode.swift; path = AppDelegate.swift; sourceTree = "<group>"; };
		EF23DADC2224371B00CC76CB /* ViewController.swift */ = {isa = PBXFileReference; lastKnownFileType = sourcecode.swift; path = ViewController.swift; sourceTree = "<group>"; };
		EF23DADF2224371B00CC76CB /* Base */ = {isa = PBXFileReference; lastKnownFileType = file.storyboard; name = Base; path = Base.lproj/Main.storyboard; sourceTree = "<group>"; };
		EF23DAE12224372500CC76CB /* Assets.xcassets */ = {isa = PBXFileReference; lastKnownFileType = folder.assetcatalog; path = Assets.xcassets; sourceTree = "<group>"; };
		EF23DAE42224372500CC76CB /* Base */ = {isa = PBXFileReference; lastKnownFileType = file.storyboard; name = Base; path = Base.lproj/LaunchScreen.storyboard; sourceTree = "<group>"; };
		EF23DAE62224372500CC76CB /* Info.plist */ = {isa = PBXFileReference; lastKnownFileType = text.plist.xml; path = Info.plist; sourceTree = "<group>"; };
		EF23DAEC2224421C00CC76CB /* Calculatorbrain.swift */ = {isa = PBXFileReference; lastKnownFileType = sourcecode.swift; path = Calculatorbrain.swift; sourceTree = "<group>"; };
/* End PBXFileReference section */

/* Begin PBXFrameworksBuildPhase section */
		EF23DAD42224371B00CC76CB /* Frameworks */ = {
			isa = PBXFrameworksBuildPhase;
			buildActionMask = 2147483647;
			files = (
			);
			runOnlyForDeploymentPostprocessing = 0;
		};
/* End PBXFrameworksBuildPhase section */

/* Begin PBXGroup section */
		EF23DACE2224371B00CC76CB = {
			isa = PBXGroup;
			children = (
				EF23DAD92224371B00CC76CB /* CalculatorBrain */,
				EF23DAD82224371B00CC76CB /* Products */,
			);
			sourceTree = "<group>";
		};
		EF23DAD82224371B00CC76CB /* Products */ = {
			isa = PBXGroup;
			children = (
				EF23DAD72224371B00CC76CB /* CalculatorBrain.app */,
			);
			name = Products;
			sourceTree = "<group>";
		};
		EF23DAD92224371B00CC76CB /* CalculatorBrain */ = {
			isa = PBXGroup;
			children = (
				EF23DADA2224371B00CC76CB /* AppDelegate.swift */,
				EF23DADC2224371B00CC76CB /* ViewController.swift */,
				EF23DADE2224371B00CC76CB /* Main.storyboard */,
				EF23DAE12224372500CC76CB /* Assets.xcassets */,
				EF23DAE32224372500CC76CB /* LaunchScreen.storyboard */,
				EF23DAE62224372500CC76CB /* Info.plist */,
				EF23DAEC2224421C00CC76CB /* Calculatorbrain.swift */,
			);
			path = CalculatorBrain;
			sourceTree = "<group>";
		};
/* End PBXGroup section */

/* Begin PBXNativeTarget section */
		EF23DAD62224371B00CC76CB /* CalculatorBrain */ = {
			isa = PBXNativeTarget;
			buildConfigurationList = EF23DAE92224372500CC76CB /* Build configuration list for PBXNativeTarget "CalculatorBrain" */;
			buildPhases = (
				EF23DAD32224371B00CC76CB /* Sources */,
				EF23DAD42224371B00CC76CB /* Frameworks */,
				EF23DAD52224371B00CC76CB /* Resources */,
			);
			buildRules = (
			);
			dependencies = (
			);
			name = CalculatorBrain;
			productName = CalculatorBrain;
			productReference = EF23DAD72224371B00CC76CB /* CalculatorBrain.app */;
			productType = "com.apple.product-type.application";
		};
/* End PBXNativeTarget section */

/* Begin PBXProject section */
		EF23DACF2224371B00CC76CB /* Project object */ = {
			isa = PBXProject;
			attributes = {
				LastSwiftUpdateCheck = 1010;
				LastUpgradeCheck = 1010;
				ORGANIZATIONNAME = Alumne;
				TargetAttributes = {
					EF23DAD62224371B00CC76CB = {
						CreatedOnToolsVersion = 10.1;
					};
				};
			};
			buildConfigurationList = EF23DAD22224371B00CC76CB /* Build configuration list for PBXProject "CalculatorBrain" */;
			compatibilityVersion = "Xcode 9.3";
			developmentRegion = en;
			hasScannedForEncodings = 0;
			knownRegions = (
				en,
				Base,
			);
			mainGroup = EF23DACE2224371B00CC76CB;
			productRefGroup = EF23DAD82224371B00CC76CB /* Products */;
			projectDirPath = "";
			projectRoot = "";
			targets = (
				EF23DAD62224371B00CC76CB /* CalculatorBrain */,
			);
		};
/* End PBXProject section */

/* Begin PBXResourcesBuildPhase section */
		EF23DAD52224371B00CC76CB /* Resources */ = {
			isa = PBXResourcesBuildPhase;
			buildActionMask = 2147483647;
			files = (
				EF23DAE52224372500CC76CB /* LaunchScreen.storyboard in Resources */,
				EF23DAE22224372500CC76CB /* Assets.xcassets in Resources */,
				EF23DAE02224371B00CC76CB /* Main.storyboard in Resources */,
			);
			runOnlyForDeploymentPostprocessing = 0;
		};
/* End PBXResourcesBuildPhase section */

/* Begin PBXSourcesBuildPhase section */
		EF23DAD32224371B00CC76CB /* Sources */ = {
			isa = PBXSourcesBuildPhase;
			buildActionMask = 2147483647;
			files = (
				EF23DAED2224421C00CC76CB /* Calculatorbrain.swift in Sources */,
				EF23DADD2224371B00CC76CB /* ViewController.swift in Sources */,
				EF23DADB2224371B00CC76CB /* AppDelegate.swift in Sources */,
			);
			runOnlyForDeploymentPostprocessing = 0;
		};
/* End PBXSourcesBuildPhase section */

/* Begin PBXVariantGroup section */
		EF23DADE2224371B00CC76CB /* Main.storyboard */ = {
			isa = PBXVariantGroup;
			children = (
				EF23DADF2224371B00CC76CB /* Base */,
			);
			name = Main.storyboard;
			sourceTree = "<group>";
		};
		EF23DAE32224372500CC76CB /* LaunchScreen.storyboard */ = {
			isa = PBXVariantGroup;
			children = (
				EF23DAE42224372500CC76CB /* Base */,
			);
			name = LaunchScreen.storyboard;
			sourceTree = "<group>";
		};
/* End PBXVariantGroup section */

/* Begin XCBuildConfiguration section */
		EF23DAE72224372500CC76CB /* Debug */ = {
			isa = XCBuildConfiguration;
			buildSettings = {
				ALWAYS_SEARCH_USER_PATHS = NO;
				CLANG_ANALYZER_NONNULL = YES;
				CLANG_ANALYZER_NUMBER_OBJECT_CONVERSION = YES_AGGRESSIVE;
				CLANG_CXX_LANGUAGE_STANDARD = "gnu++14";
				CLANG_CXX_LIBRARY = "libc++";
				CLANG_ENABLE_MODULES = YES;
				CLANG_ENABLE_OBJC_ARC = YES;
				CLANG_ENABLE_OBJC_WEAK = YES;
				CLANG_WARN_BLOCK_CAPTURE_AUTORELEASING = YES;
				CLANG_WARN_BOOL_CONVERSION = YES;
				CLANG_WARN_COMMA = YES;
				CLANG_WARN_CONSTANT_CONVERSION = YES;
				CLANG_WARN_DEPRECATED_OBJC_IMPLEMENTATIONS = YES;
				CLANG_WARN_DIRECT_OBJC_ISA_USAGE = YES_ERROR;
				CLANG_WARN_DOCUMENTATION_COMMENTS = YES;
				CLANG_WARN_EMPTY_BODY = YES;
				CLANG_WARN_ENUM_CONVERSION = YES;
				CLANG_WARN_INFINITE_RECURSION = YES;
				CLANG_WARN_INT_CONVERSION = YES;
				CLANG_WARN_NON_LITERAL_NULL_CONVERSION = YES;
				CLANG_WARN_OBJC_IMPLICIT_RETAIN_SELF = YES;
				CLANG_WARN_OBJC_LITERAL_CONVERSION = YES;
				CLANG_WARN_OBJC_ROOT_CLASS = YES_ERROR;
				CLANG_WARN_RANGE_LOOP_ANALYSIS = YES;
				CLANG_WARN_STRICT_PROTOTYPES = YES;
				CLANG_WARN_SUSPICIOUS_MOVE = YES;
				CLANG_WARN_UNGUARDED_AVAILABILITY = YES_AGGRESSIVE;
				CLANG_WARN_UNREACHABLE_CODE = YES;
				CLANG_WARN__DUPLICATE_METHOD_MATCH = YES;
				CODE_SIGN_IDENTITY = "iPhone Developer";
				COPY_PHASE_STRIP = NO;
				DEBUG_INFORMATION_FORMAT = dwarf;
				ENABLE_STRICT_OBJC_MSGSEND = YES;
				ENABLE_TESTABILITY = YES;
				GCC_C_LANGUAGE_STANDARD = gnu11;
				GCC_DYNAMIC_NO_PIC = NO;
				GCC_NO_COMMON_BLOCKS = YES;
				GCC_OPTIMIZATION_LEVEL = 0;
				GCC_PREPROCESSOR_DEFINITIONS = (
					"DEBUG=1",
					"$(inherited)",
				);
				GCC_WARN_64_TO_32_BIT_CONVERSION = YES;
				GCC_WARN_ABOUT_RETURN_TYPE = YES_ERROR;
				GCC_WARN_UNDECLARED_SELECTOR = YES;
				GCC_WARN_UNINITIALIZED_AUTOS = YES_AGGRESSIVE;
				GCC_WARN_UNUSED_FUNCTION = YES;
				GCC_WARN_UNUSED_VARIABLE = YES;
				IPHONEOS_DEPLOYMENT_TARGET = 12.1;
				MTL_ENABLE_DEBUG_INFO = INCLUDE_SOURCE;
				MTL_FAST_MATH = YES;
				ONLY_ACTIVE_ARCH = YES;
				SDKROOT = iphoneos;
				SWIFT_ACTIVE_COMPILATION_CONDITIONS = DEBUG;
				SWIFT_OPTIMIZATION_LEVEL = "-Onone";
			};
			name = Debug;
		};
		EF23DAE82224372500CC76CB /* Release */ = {
			isa = XCBuildConfiguration;
			buildSettings = {
				ALWAYS_SEARCH_USER_PATHS = NO;
				CLANG_ANALYZER_NONNULL = YES;
				CLANG_ANALYZER_NUMBER_OBJECT_CONVERSION = YES_AGGRESSIVE;
				CLANG_CXX_LANGUAGE_STANDARD = "gnu++14";
				CLANG_CXX_LIBRARY = "libc++";
				CLANG_ENABLE_MODULES = YES;
				CLANG_ENABLE_OBJC_ARC = YES;
				CLANG_ENABLE_OBJC_WEAK = YES;
				CLANG_WARN_BLOCK_CAPTURE_AUTORELEASING = YES;
				CLANG_WARN_BOOL_CONVERSION = YES;
				CLANG_WARN_COMMA = YES;
				CLANG_WARN_CONSTANT_CONVERSION = YES;
				CLANG_WARN_DEPRECATED_OBJC_IMPLEMENTATIONS = YES;
				CLANG_WARN_DIRECT_OBJC_ISA_USAGE = YES_ERROR;
				CLANG_WARN_DOCUMENTATION_COMMENTS = YES;
				CLANG_WARN_EMPTY_BODY = YES;
				CLANG_WARN_ENUM_CONVERSION = YES;
				CLANG_WARN_INFINITE_RECURSION = YES;
				CLANG_WARN_INT_CONVERSION = YES;
				CLANG_WARN_NON_LITERAL_NULL_CONVERSION = YES;
				CLANG_WARN_OBJC_IMPLICIT_RETAIN_SELF = YES;
				CLANG_WARN_OBJC_LITERAL_CONVERSION = YES;
				CLANG_WARN_OBJC_ROOT_CLASS = YES_ERROR;
				CLANG_WARN_RANGE_LOOP_ANALYSIS = YES;
				CLANG_WARN_STRICT_PROTOTYPES = YES;
				CLANG_WARN_SUSPICIOUS_MOVE = YES;
				CLANG_WARN_UNGUARDED_AVAILABILITY = YES_AGGRESSIVE;
				CLANG_WARN_UNREACHABLE_CODE = YES;
				CLANG_WARN__DUPLICATE_METHOD_MATCH = YES;
				CODE_SIGN_IDENTITY = "iPhone Developer";
				COPY_PHASE_STRIP = NO;
				DEBUG_INFORMATION_FORMAT = "dwarf-with-dsym";
				ENABLE_NS_ASSERTIONS = NO;
				ENABLE_STRICT_OBJC_MSGSEND = YES;
				GCC_C_LANGUAGE_STANDARD = gnu11;
				GCC_NO_COMMON_BLOCKS = YES;
				GCC_WARN_64_TO_32_BIT_CONVERSION = YES;
				GCC_WARN_ABOUT_RETURN_TYPE = YES_ERROR;
				GCC_WARN_UNDECLARED_SELECTOR = YES;
				GCC_WARN_UNINITIALIZED_AUTOS = YES_AGGRESSIVE;
				GCC_WARN_UNUSED_FUNCTION = YES;
				GCC_WARN_UNUSED_VARIABLE = YES;
				IPHONEOS_DEPLOYMENT_TARGET = 12.1;
				MTL_ENABLE_DEBUG_INFO = NO;
				MTL_FAST_MATH = YES;
				SDKROOT = iphoneos;
				SWIFT_COMPILATION_MODE = wholemodule;
				SWIFT_OPTIMIZATION_LEVEL = "-O";
				VALIDATE_PRODUCT = YES;
			};
			name = Release;
		};
		EF23DAEA2224372500CC76CB /* Debug */ = {
			isa = XCBuildConfiguration;
			buildSettings = {
				ASSETCATALOG_COMPILER_APPICON_NAME = AppIcon;
				CODE_SIGN_STYLE = Automatic;
				INFOPLIST_FILE = CalculatorBrain/Info.plist;
				LD_RUNPATH_SEARCH_PATHS = (
					"$(inherited)",
					"@executable_path/Frameworks",
				);
				PRODUCT_BUNDLE_IDENTIFIER = "Pol-Pablo.CalculatorBrain";
				PRODUCT_NAME = "$(TARGET_NAME)";
				SWIFT_VERSION = 4.2;
				TARGETED_DEVICE_FAMILY = "1,2";
			};
			name = Debug;
		};
		EF23DAEB2224372500CC76CB /* Release */ = {
			isa = XCBuildConfiguration;
			buildSettings = {
				ASSETCATALOG_COMPILER_APPICON_NAME = AppIcon;
				CODE_SIGN_STYLE = Automatic;
				INFOPLIST_FILE = CalculatorBrain/Info.plist;
				LD_RUNPATH_SEARCH_PATHS = (
					"$(inherited)",
					"@executable_path/Frameworks",
				);
				PRODUCT_BUNDLE_IDENTIFIER = "Pol-Pablo.CalculatorBrain";
				PRODUCT_NAME = "$(TARGET_NAME)";
				SWIFT_VERSION = 4.2;
				TARGETED_DEVICE_FAMILY = "1,2";
			};
			name = Release;
		};
/* End XCBuildConfiguration section */

/* Begin XCConfigurationList section */
		EF23DAD22224371B00CC76CB /* Build configuration list for PBXProject "CalculatorBrain" */ = {
			isa = XCConfigurationList;
			buildConfigurations = (
				EF23DAE72224372500CC76CB /* Debug */,
				EF23DAE82224372500CC76CB /* Release */,
			);
			defaultConfigurationIsVisible = 0;
			defaultConfigurationName = Release;
		};
		EF23DAE92224372500CC76CB /* Build configuration list for PBXNativeTarget "CalculatorBrain" */ = {
			isa = XCConfigurationList;
			buildConfigurations = (
				EF23DAEA2224372500CC76CB /* Debug */,
				EF23DAEB2224372500CC76CB /* Release */,
			);
			defaultConfigurationIsVisible = 0;
			defaultConfigurationName = Release;
		};
/* End XCConfigurationList section */
	};
	rootObject = EF23DACF2224371B00CC76CB /* Project object */;
}
